Microsoft Visual Studio Solution File, Format Version 12.00
# Visual Studio Version 17
VisualStudioVersion = 17.5.2.0
MinimumVisualStudioVersion = 10.0.40219.1
Project("{2150E333-8FDC-42A3-9474-1A3956D46DE8}") = "src", "src", "{827E0CD3-B72D-47B6-A68D-7590B98EB39B}"
EndProject
Project("{2150E333-8FDC-42A3-9474-1A3956D46DE8}") = "Core", "Core", "{8D626EA8-CB54-BC41-363A-217881BEBA6E}"
EndProject
Project("{FAE04EC0-301F-11D3-BF4B-00C04F79EFBC}") = "PhantomExe.VM.Core", "src\Core\PhantomExe.VM.Core.csproj", "{1BFDBD25-0C59-9696-14DF-28865F61F88C}"
EndProject
Global
	GlobalSection(SolutionConfigurationPlatforms) = preSolution
		Debug|Any CPU = Debug|Any CPU
		Release|Any CPU = Release|Any CPU
	EndGlobalSection
	GlobalSection(ProjectConfigurationPlatforms) = postSolution
		{1BFDBD25-0C59-9696-14DF-28865F61F88C}.Debug|Any CPU.ActiveCfg = Debug|Any CPU
		{1BFDBD25-0C59-9696-14DF-28865F61F88C}.Debug|Any CPU.Build.0 = Debug|Any CPU
		{1BFDBD25-0C59-9696-14DF-28865F61F88C}.Release|Any CPU.ActiveCfg = Release|Any CPU
		{1BFDBD25-0C59-9696-14DF-28865F61F88C}.Release|Any CPU.Build.0 = Release|Any CPU
	EndGlobalSection
	GlobalSection(SolutionProperties) = preSolution
		HideSolutionNode = FALSE
	EndGlobalSection
	GlobalSection(NestedProjects) = preSolution
		{8D626EA8-CB54-BC41-363A-217881BEBA6E} = {827E0CD3-B72D-47B6-A68D-7590B98EB39B}
		{1BFDBD25-0C59-9696-14DF-28865F61F88C} = {8D626EA8-CB54-BC41-363A-217881BEBA6E}
	EndGlobalSection
	GlobalSection(ExtensibilityGlobals) = postSolution
		SolutionGuid = {5392B193-3B4F-4ABB-89EC-240FDD8C7A99}
	EndGlobalSection
EndGlobal
